
Microsoft Visual Studio Solution File, Format Version 12.00
# Visual Studio Version 17
VisualStudioVersion = 17.5.33414.496
MinimumVisualStudioVersion = 10.0.40219.1
Project("{FAE04EC0-301F-11D3-BF4B-00C04F79EFBC}") = "C em Firebase", "C em Firebase.csproj", "{31AECF28-80EF-4E49-AD9D-D1BC1D505D55}"
EndProject
Global
	GlobalSection(SolutionConfigurationPlatforms) = preSolution
		Debug|Any CPU = Debug|Any CPU
		Release|Any CPU = Release|Any CPU
	EndGlobalSection
	GlobalSection(ProjectConfigurationPlatforms) = postSolution
		{31AECF28-80EF-4E49-AD9D-D1BC1D505D55}.Debug|Any CPU.ActiveCfg = Debug|Any CPU
		{31AECF28-80EF-4E49-AD9D-D1BC1D505D55}.Debug|Any CPU.Build.0 = Debug|Any CPU
		{31AECF28-80EF-4E49-AD9D-D1BC1D505D55}.Release|Any CPU.ActiveCfg = Release|Any CPU
		{31AECF28-80EF-4E49-AD9D-D1BC1D505D55}.Release|Any CPU.Build.0 = Release|Any CPU
	EndGlobalSection
	GlobalSection(SolutionProperties) = preSolution
		HideSolutionNode = FALSE
	EndGlobalSection
	GlobalSection(ExtensibilityGlobals) = postSolution
		SolutionGuid = {320EE7D2-0E74-401E-892C-CB1BD74DA691}
	EndGlobalSection
EndGlobal
